
Microsoft Visual Studio Solution File, Format Version 12.00
# Visual Studio Version 16
VisualStudioVersion = 16.0.30309.148
MinimumVisualStudioVersion = 15.0.26124.0
Project("{9A19103F-16F7-4668-BE54-9A1E7A4F7556}") = "Blog.Web.Mvc", "Blog.Web.Mvc\Blog.Web.Mvc.csproj", "{D57FB1F0-D531-4215-A719-B1BFE400A6CC}"
EndProject
Project("{9A19103F-16F7-4668-BE54-9A1E7A4F7556}") = "Blog.Web.Host", "Blog.Web.Host\Blog.Web.Host.csproj", "{B212B9CF-87A1-493C-AAE2-466270778FA7}"
EndProject
Project("{9A19103F-16F7-4668-BE54-9A1E7A4F7556}") = "Blog.Web.Core", "Blog.Web.Core\Blog.Web.Core.csproj", "{F26ED6CC-2AE4-4CD9-A53C-24E3D9C336AD}"
EndProject
Project("{9A19103F-16F7-4668-BE54-9A1E7A4F7556}") = "Blog.Migrator", "Blog.Migrator\Blog.Migrator.csproj", "{E8CDA592-C4E3-4353-B27A-BD4D0F7628D8}"
EndProject
Project("{9A19103F-16F7-4668-BE54-9A1E7A4F7556}") = "Blog.EntityFrameworkCore", "Blog.EntityFrameworkCore\Blog.EntityFrameworkCore.csproj", "{18C75A08-449C-48A2-9FA6-9A8CF9A72CD4}"
EndProject
Project("{9A19103F-16F7-4668-BE54-9A1E7A4F7556}") = "Blog.Core", "Blog.Core\Blog.Core.csproj", "{377D981D-1344-4FCA-B203-6699EB1AAC58}"
EndProject
Project("{9A19103F-16F7-4668-BE54-9A1E7A4F7556}") = "Blog.Application", "Blog.Application\Blog.Application.csproj", "{32F5A8F9-DDDF-4F46-B2EE-62206F1F068A}"
EndProject
Project("{9A19103F-16F7-4668-BE54-9A1E7A4F7556}") = "Abp", "Abp\Abp.csproj", "{B00AC712-F496-4E76-A267-54F5E345336E}"
EndProject
Project("{9A19103F-16F7-4668-BE54-9A1E7A4F7556}") = "Abp.AspNetCore", "Abp.AspNetCore\Abp.AspNetCore.csproj", "{4262722F-67D6-432D-A327-746AC567955D}"
EndProject
Project("{9A19103F-16F7-4668-BE54-9A1E7A4F7556}") = "Abp.AspNetCore.OData", "Abp.AspNetCore.OData\Abp.AspNetCore.OData.csproj", "{34BBEE95-43B5-4E9C-BC1F-D9B0F57EBFF1}"
EndProject
Project("{9A19103F-16F7-4668-BE54-9A1E7A4F7556}") = "Abp.AspNetCore.SignalR", "Abp.AspNetCore.SignalR\Abp.AspNetCore.SignalR.csproj", "{F752BB72-6FFB-43C5-A5A3-9AE5FD3F5D7E}"
EndProject
Project("{9A19103F-16F7-4668-BE54-9A1E7A4F7556}") = "Abp.AspNetCore.TestBase", "Abp.AspNetCore.TestBase\Abp.AspNetCore.TestBase.csproj", "{C19458A3-1A2E-45E9-831E-94D05082EE98}"
EndProject
Project("{9A19103F-16F7-4668-BE54-9A1E7A4F7556}") = "Abp.AutoMapper", "Abp.AutoMapper\Abp.AutoMapper.csproj", "{A244A5AD-9EDA-49F4-9136-2C7932BE00C8}"
EndProject
Project("{9A19103F-16F7-4668-BE54-9A1E7A4F7556}") = "Abp.Castle.Log4Net", "Abp.Castle.Log4Net\Abp.Castle.Log4Net.csproj", "{D046BE82-8BCD-432B-8C78-1921D9A502CA}"
EndProject
Project("{9A19103F-16F7-4668-BE54-9A1E7A4F7556}") = "Abp.Dapper", "Abp.Dapper\Abp.Dapper.csproj", "{870C47D3-B95D-465E-990B-6EA799EF3CB5}"
EndProject
Project("{9A19103F-16F7-4668-BE54-9A1E7A4F7556}") = "Abp.EntityFramework", "Abp.EntityFramework\Abp.EntityFramework.csproj", "{92EB2A42-0504-43FD-91ED-1068AB31E8EC}"
EndProject
Project("{9A19103F-16F7-4668-BE54-9A1E7A4F7556}") = "Abp.EntityFramework.Common", "Abp.EntityFramework.Common\Abp.EntityFramework.Common.csproj", "{54B9CBB5-4C58-4AA5-87FB-3B2C80B3534E}"
EndProject
Project("{9A19103F-16F7-4668-BE54-9A1E7A4F7556}") = "Abp.EntityFramework.GraphDiff", "Abp.EntityFramework.GraphDiff\Abp.EntityFramework.GraphDiff.csproj", "{359D3AAC-5E81-4DDA-8C30-16BA39B9889E}"
EndProject
Project("{9A19103F-16F7-4668-BE54-9A1E7A4F7556}") = "Abp.EntityFrameworkCore", "Abp.EntityFrameworkCore\Abp.EntityFrameworkCore.csproj", "{9F10FA26-6303-4574-9A3D-3739DFB0999B}"
EndProject
Project("{9A19103F-16F7-4668-BE54-9A1E7A4F7556}") = "Abp.EntityFrameworkCore.EFPlus", "Abp.EntityFrameworkCore.EFPlus\Abp.EntityFrameworkCore.EFPlus.csproj", "{3D24FD2A-18B7-4A13-A466-6EB9779F4ABE}"
EndProject
Project("{9A19103F-16F7-4668-BE54-9A1E7A4F7556}") = "Abp.FluentMigrator", "Abp.FluentMigrator\Abp.FluentMigrator.csproj", "{E97ACDFC-7A30-49A6-B4B1-1FCF6E8164F2}"
EndProject
Project("{9A19103F-16F7-4668-BE54-9A1E7A4F7556}") = "Abp.FluentValidation", "Abp.FluentValidation\Abp.FluentValidation.csproj", "{85AC159A-D630-4C57-A911-AF3D5C4CC500}"
EndProject
Project("{9A19103F-16F7-4668-BE54-9A1E7A4F7556}") = "Abp.HangFire", "Abp.HangFire\Abp.HangFire.csproj", "{493588F1-092D-43FC-82F6-648442F7F235}"
EndProject
Project("{9A19103F-16F7-4668-BE54-9A1E7A4F7556}") = "Abp.HangFire.AspNetCore", "Abp.HangFire.AspNetCore\Abp.HangFire.AspNetCore.csproj", "{D976270A-5B26-4B78-9519-9FCD939F7A6C}"
EndProject
Project("{9A19103F-16F7-4668-BE54-9A1E7A4F7556}") = "Abp.MailKit", "Abp.MailKit\Abp.MailKit.csproj", "{3A25296E-D998-457B-95E5-E4D3508D64E7}"
EndProject
Project("{9A19103F-16F7-4668-BE54-9A1E7A4F7556}") = "Abp.MemoryDb", "Abp.MemoryDb\Abp.MemoryDb.csproj", "{4326E2CA-DC05-4328-80A3-3F6AA95FC152}"
EndProject
Project("{9A19103F-16F7-4668-BE54-9A1E7A4F7556}") = "Abp.NHibernate", "Abp.NHibernate\Abp.NHibernate.csproj", "{FFD2B331-05D4-4F17-B062-74AC092F99B7}"
EndProject
Project("{9A19103F-16F7-4668-BE54-9A1E7A4F7556}") = "Abp.Owin", "Abp.Owin\Abp.Owin.csproj", "{A3C5ACA7-4D4F-4084-9AB5-C29A22543ECF}"
EndProject
Project("{9A19103F-16F7-4668-BE54-9A1E7A4F7556}") = "Abp.Quartz", "Abp.Quartz\Abp.Quartz.csproj", "{B16A028E-C573-4630-9398-3BCB07C40D6E}"
EndProject
Project("{9A19103F-16F7-4668-BE54-9A1E7A4F7556}") = "Abp.RedisCache", "Abp.RedisCache\Abp.RedisCache.csproj", "{9BEC8B83-EC86-4FE4-84F0-AA14C49E23D2}"
EndProject
Project("{9A19103F-16F7-4668-BE54-9A1E7A4F7556}") = "Abp.RedisCache.ProtoBuf", "Abp.RedisCache.ProtoBuf\Abp.RedisCache.ProtoBuf.csproj", "{A29DF474-AF55-4608-B0E8-E5B79BE1676C}"
EndProject
Project("{9A19103F-16F7-4668-BE54-9A1E7A4F7556}") = "Abp.TestBase", "Abp.TestBase\Abp.TestBase.csproj", "{12DA1927-0694-4659-AF1A-498839C7FFA4}"
EndProject
Project("{9A19103F-16F7-4668-BE54-9A1E7A4F7556}") = "Abp.Web", "Abp.Web\Abp.Web.csproj", "{61EBC5CA-3581-45F7-8D9B-95B2A1DC6EE8}"
EndProject
Project("{9A19103F-16F7-4668-BE54-9A1E7A4F7556}") = "Abp.Web.Api", "Abp.Web.Api\Abp.Web.Api.csproj", "{39241396-19F3-4BA3-8267-06DF1736A0AF}"
EndProject
Project("{9A19103F-16F7-4668-BE54-9A1E7A4F7556}") = "Abp.Web.Api.OData", "Abp.Web.Api.OData\Abp.Web.Api.OData.csproj", "{4F2AA10A-36CE-49C0-A9F0-056EF2607EA3}"
EndProject
Project("{9A19103F-16F7-4668-BE54-9A1E7A4F7556}") = "Abp.Web.Common", "Abp.Web.Common\Abp.Web.Common.csproj", "{63AFBB68-528E-4C34-B955-0B60FF94AB4C}"
EndProject
Project("{9A19103F-16F7-4668-BE54-9A1E7A4F7556}") = "Abp.Web.Mvc", "Abp.Web.Mvc\Abp.Web.Mvc.csproj", "{FBE149A1-C8C2-49BD-92AA-88785F2D8416}"
EndProject
Project("{9A19103F-16F7-4668-BE54-9A1E7A4F7556}") = "Abp.Web.Resources", "Abp.Web.Resources\Abp.Web.Resources.csproj", "{581FFB49-4577-4AE3-A68B-F41E85883AFA}"
EndProject
Project("{9A19103F-16F7-4668-BE54-9A1E7A4F7556}") = "Abp.Web.SignalR", "Abp.Web.SignalR\Abp.Web.SignalR.csproj", "{94139F69-0BC5-441E-9873-8DAC044F7297}"
EndProject
Project("{9A19103F-16F7-4668-BE54-9A1E7A4F7556}") = "Abp.Zero", "Abp.Zero\Abp.Zero.csproj", "{1FFF4745-2050-4449-A35F-6163F5F88BF3}"
EndProject
Project("{9A19103F-16F7-4668-BE54-9A1E7A4F7556}") = "Abp.Zero.Common", "Abp.Zero.Common\Abp.Zero.Common.csproj", "{9ED00374-9926-4D69-8398-B840F48C8154}"
EndProject
Project("{9A19103F-16F7-4668-BE54-9A1E7A4F7556}") = "Abp.Zero.EntityFramework", "Abp.Zero.EntityFramework\Abp.Zero.EntityFramework.csproj", "{8673DDFA-DB7E-4BF8-8386-1422308E9ED9}"
EndProject
Project("{9A19103F-16F7-4668-BE54-9A1E7A4F7556}") = "Abp.Zero.Ldap", "Abp.Zero.Ldap\Abp.Zero.Ldap.csproj", "{B50C5C3D-3301-494C-846D-AB885B9CA30E}"
EndProject
Project("{9A19103F-16F7-4668-BE54-9A1E7A4F7556}") = "Abp.Zero.NHibernate", "Abp.Zero.NHibernate\Abp.Zero.NHibernate.csproj", "{6CB58E2C-697B-446D-AC92-A4A4AEA2DB8A}"
EndProject
Project("{9A19103F-16F7-4668-BE54-9A1E7A4F7556}") = "Abp.Zero.Owin", "Abp.Zero.Owin\Abp.Zero.Owin.csproj", "{4347F59B-2C9B-4464-B7E5-001BEADE6E2E}"
EndProject
Project("{9A19103F-16F7-4668-BE54-9A1E7A4F7556}") = "Abp.ZeroCore", "Abp.ZeroCore\Abp.ZeroCore.csproj", "{1617802A-EE5E-4925-AA6B-7061A466E2BA}"
EndProject
Project("{9A19103F-16F7-4668-BE54-9A1E7A4F7556}") = "Abp.ZeroCore.EntityFramework", "Abp.ZeroCore.EntityFramework\Abp.ZeroCore.EntityFramework.csproj", "{689AC9B5-D4F7-4873-9ADD-756EE32C49A1}"
EndProject
Project("{9A19103F-16F7-4668-BE54-9A1E7A4F7556}") = "Abp.ZeroCore.EntityFrameworkCore", "Abp.ZeroCore.EntityFrameworkCore\Abp.ZeroCore.EntityFrameworkCore.csproj", "{119D46D9-AD90-450F-8561-196120343206}"
EndProject
Project("{9A19103F-16F7-4668-BE54-9A1E7A4F7556}") = "Abp.ZeroCore.IdentityServer4", "Abp.ZeroCore.IdentityServer4\Abp.ZeroCore.IdentityServer4.csproj", "{382B9A72-D527-4DCC-890C-56CD2F1B6D38}"
EndProject
Project("{9A19103F-16F7-4668-BE54-9A1E7A4F7556}") = "Abp.ZeroCore.IdentityServer4.EntityFrameworkCore", "Abp.ZeroCore.IdentityServer4.EntityFrameworkCore\Abp.ZeroCore.IdentityServer4.EntityFrameworkCore.csproj", "{484A60FB-521B-4A9B-A05F-12A5EE199271}"
EndProject
Project("{9A19103F-16F7-4668-BE54-9A1E7A4F7556}") = "Abp.ZeroCore.IdentityServer4.vNext", "Abp.ZeroCore.IdentityServer4.vNext\Abp.ZeroCore.IdentityServer4.vNext.csproj", "{66A256E5-7787-4CB2-B676-916119BBC536}"
EndProject
Project("{9A19103F-16F7-4668-BE54-9A1E7A4F7556}") = "Abp.ZeroCore.IdentityServer4.vNext.EntityFrameworkCore", "Abp.ZeroCore.IdentityServer4.vNext.EntityFrameworkCore\Abp.ZeroCore.IdentityServer4.vNext.EntityFrameworkCore.csproj", "{F2808757-B513-4B44-B5AF-7C0AE5A2EEAC}"
EndProject
Project("{9A19103F-16F7-4668-BE54-9A1E7A4F7556}") = "Abp.MongoDB", "Abp.MongoDB\Abp.MongoDB.csproj", "{289A2DF5-2217-448F-8E48-7C3206C0D1B1}"
EndProject
Global
	GlobalSection(SolutionConfigurationPlatforms) = preSolution
		Debug|Any CPU = Debug|Any CPU
		Debug|x64 = Debug|x64
		Debug|x86 = Debug|x86
		Release|Any CPU = Release|Any CPU
		Release|x64 = Release|x64
		Release|x86 = Release|x86
	EndGlobalSection
	GlobalSection(ProjectConfigurationPlatforms) = postSolution
		{D57FB1F0-D531-4215-A719-B1BFE400A6CC}.Debug|Any CPU.ActiveCfg = Debug|Any CPU
		{D57FB1F0-D531-4215-A719-B1BFE400A6CC}.Debug|Any CPU.Build.0 = Debug|Any CPU
		{D57FB1F0-D531-4215-A719-B1BFE400A6CC}.Debug|x64.ActiveCfg = Debug|Any CPU
		{D57FB1F0-D531-4215-A719-B1BFE400A6CC}.Debug|x64.Build.0 = Debug|Any CPU
		{D57FB1F0-D531-4215-A719-B1BFE400A6CC}.Debug|x86.ActiveCfg = Debug|Any CPU
		{D57FB1F0-D531-4215-A719-B1BFE400A6CC}.Debug|x86.Build.0 = Debug|Any CPU
		{D57FB1F0-D531-4215-A719-B1BFE400A6CC}.Release|Any CPU.ActiveCfg = Release|Any CPU
		{D57FB1F0-D531-4215-A719-B1BFE400A6CC}.Release|Any CPU.Build.0 = Release|Any CPU
		{D57FB1F0-D531-4215-A719-B1BFE400A6CC}.Release|x64.ActiveCfg = Release|Any CPU
		{D57FB1F0-D531-4215-A719-B1BFE400A6CC}.Release|x64.Build.0 = Release|Any CPU
		{D57FB1F0-D531-4215-A719-B1BFE400A6CC}.Release|x86.ActiveCfg = Release|Any CPU
		{D57FB1F0-D531-4215-A719-B1BFE400A6CC}.Release|x86.Build.0 = Release|Any CPU
		{B212B9CF-87A1-493C-AAE2-466270778FA7}.Debug|Any CPU.ActiveCfg = Debug|Any CPU
		{B212B9CF-87A1-493C-AAE2-466270778FA7}.Debug|Any CPU.Build.0 = Debug|Any CPU
		{B212B9CF-87A1-493C-AAE2-466270778FA7}.Debug|x64.ActiveCfg = Debug|Any CPU
		{B212B9CF-87A1-493C-AAE2-466270778FA7}.Debug|x64.Build.0 = Debug|Any CPU
		{B212B9CF-87A1-493C-AAE2-466270778FA7}.Debug|x86.ActiveCfg = Debug|Any CPU
		{B212B9CF-87A1-493C-AAE2-466270778FA7}.Debug|x86.Build.0 = Debug|Any CPU
		{B212B9CF-87A1-493C-AAE2-466270778FA7}.Release|Any CPU.ActiveCfg = Release|Any CPU
		{B212B9CF-87A1-493C-AAE2-466270778FA7}.Release|Any CPU.Build.0 = Release|Any CPU
		{B212B9CF-87A1-493C-AAE2-466270778FA7}.Release|x64.ActiveCfg = Release|Any CPU
		{B212B9CF-87A1-493C-AAE2-466270778FA7}.Release|x64.Build.0 = Release|Any CPU
		{B212B9CF-87A1-493C-AAE2-466270778FA7}.Release|x86.ActiveCfg = Release|Any CPU
		{B212B9CF-87A1-493C-AAE2-466270778FA7}.Release|x86.Build.0 = Release|Any CPU
		{F26ED6CC-2AE4-4CD9-A53C-24E3D9C336AD}.Debug|Any CPU.ActiveCfg = Debug|Any CPU
		{F26ED6CC-2AE4-4CD9-A53C-24E3D9C336AD}.Debug|Any CPU.Build.0 = Debug|Any CPU
		{F26ED6CC-2AE4-4CD9-A53C-24E3D9C336AD}.Debug|x64.ActiveCfg = Debug|Any CPU
		{F26ED6CC-2AE4-4CD9-A53C-24E3D9C336AD}.Debug|x64.Build.0 = Debug|Any CPU
		{F26ED6CC-2AE4-4CD9-A53C-24E3D9C336AD}.Debug|x86.ActiveCfg = Debug|Any CPU
		{F26ED6CC-2AE4-4CD9-A53C-24E3D9C336AD}.Debug|x86.Build.0 = Debug|Any CPU
		{F26ED6CC-2AE4-4CD9-A53C-24E3D9C336AD}.Release|Any CPU.ActiveCfg = Release|Any CPU
		{F26ED6CC-2AE4-4CD9-A53C-24E3D9C336AD}.Release|Any CPU.Build.0 = Release|Any CPU
		{F26ED6CC-2AE4-4CD9-A53C-24E3D9C336AD}.Release|x64.ActiveCfg = Release|Any CPU
		{F26ED6CC-2AE4-4CD9-A53C-24E3D9C336AD}.Release|x64.Build.0 = Release|Any CPU
		{F26ED6CC-2AE4-4CD9-A53C-24E3D9C336AD}.Release|x86.ActiveCfg = Release|Any CPU
		{F26ED6CC-2AE4-4CD9-A53C-24E3D9C336AD}.Release|x86.Build.0 = Release|Any CPU
		{E8CDA592-C4E3-4353-B27A-BD4D0F7628D8}.Debug|Any CPU.ActiveCfg = Debug|Any CPU
		{E8CDA592-C4E3-4353-B27A-BD4D0F7628D8}.Debug|Any CPU.Build.0 = Debug|Any CPU
		{E8CDA592-C4E3-4353-B27A-BD4D0F7628D8}.Debug|x64.ActiveCfg = Debug|Any CPU
		{E8CDA592-C4E3-4353-B27A-BD4D0F7628D8}.Debug|x64.Build.0 = Debug|Any CPU
		{E8CDA592-C4E3-4353-B27A-BD4D0F7628D8}.Debug|x86.ActiveCfg = Debug|Any CPU
		{E8CDA592-C4E3-4353-B27A-BD4D0F7628D8}.Debug|x86.Build.0 = Debug|Any CPU
		{E8CDA592-C4E3-4353-B27A-BD4D0F7628D8}.Release|Any CPU.ActiveCfg = Release|Any CPU
		{E8CDA592-C4E3-4353-B27A-BD4D0F7628D8}.Release|Any CPU.Build.0 = Release|Any CPU
		{E8CDA592-C4E3-4353-B27A-BD4D0F7628D8}.Release|x64.ActiveCfg = Release|Any CPU
		{E8CDA592-C4E3-4353-B27A-BD4D0F7628D8}.Release|x64.Build.0 = Release|Any CPU
		{E8CDA592-C4E3-4353-B27A-BD4D0F7628D8}.Release|x86.ActiveCfg = Release|Any CPU
		{E8CDA592-C4E3-4353-B27A-BD4D0F7628D8}.Release|x86.Build.0 = Release|Any CPU
		{18C75A08-449C-48A2-9FA6-9A8CF9A72CD4}.Debug|Any CPU.ActiveCfg = Debug|Any CPU
		{18C75A08-449C-48A2-9FA6-9A8CF9A72CD4}.Debug|Any CPU.Build.0 = Debug|Any CPU
		{18C75A08-449C-48A2-9FA6-9A8CF9A72CD4}.Debug|x64.ActiveCfg = Debug|Any CPU
		{18C75A08-449C-48A2-9FA6-9A8CF9A72CD4}.Debug|x64.Build.0 = Debug|Any CPU
		{18C75A08-449C-48A2-9FA6-9A8CF9A72CD4}.Debug|x86.ActiveCfg = Debug|Any CPU
		{18C75A08-449C-48A2-9FA6-9A8CF9A72CD4}.Debug|x86.Build.0 = Debug|Any CPU
		{18C75A08-449C-48A2-9FA6-9A8CF9A72CD4}.Release|Any CPU.ActiveCfg = Release|Any CPU
		{18C75A08-449C-48A2-9FA6-9A8CF9A72CD4}.Release|Any CPU.Build.0 = Release|Any CPU
		{18C75A08-449C-48A2-9FA6-9A8CF9A72CD4}.Release|x64.ActiveCfg = Release|Any CPU
		{18C75A08-449C-48A2-9FA6-9A8CF9A72CD4}.Release|x64.Build.0 = Release|Any CPU
		{18C75A08-449C-48A2-9FA6-9A8CF9A72CD4}.Release|x86.ActiveCfg = Release|Any CPU
		{18C75A08-449C-48A2-9FA6-9A8CF9A72CD4}.Release|x86.Build.0 = Release|Any CPU
		{377D981D-1344-4FCA-B203-6699EB1AAC58}.Debug|Any CPU.ActiveCfg = Debug|Any CPU
		{377D981D-1344-4FCA-B203-6699EB1AAC58}.Debug|Any CPU.Build.0 = Debug|Any CPU
		{377D981D-1344-4FCA-B203-6699EB1AAC58}.Debug|x64.ActiveCfg = Debug|Any CPU
		{377D981D-1344-4FCA-B203-6699EB1AAC58}.Debug|x64.Build.0 = Debug|Any CPU
		{377D981D-1344-4FCA-B203-6699EB1AAC58}.Debug|x86.ActiveCfg = Debug|Any CPU
		{377D981D-1344-4FCA-B203-6699EB1AAC58}.Debug|x86.Build.0 = Debug|Any CPU
		{377D981D-1344-4FCA-B203-6699EB1AAC58}.Release|Any CPU.ActiveCfg = Release|Any CPU
		{377D981D-1344-4FCA-B203-6699EB1AAC58}.Release|Any CPU.Build.0 = Release|Any CPU
		{377D981D-1344-4FCA-B203-6699EB1AAC58}.Release|x64.ActiveCfg = Release|Any CPU
		{377D981D-1344-4FCA-B203-6699EB1AAC58}.Release|x64.Build.0 = Release|Any CPU
		{377D981D-1344-4FCA-B203-6699EB1AAC58}.Release|x86.ActiveCfg = Release|Any CPU
		{377D981D-1344-4FCA-B203-6699EB1AAC58}.Release|x86.Build.0 = Release|Any CPU
		{32F5A8F9-DDDF-4F46-B2EE-62206F1F068A}.Debug|Any CPU.ActiveCfg = Debug|Any CPU
		{32F5A8F9-DDDF-4F46-B2EE-62206F1F068A}.Debug|Any CPU.Build.0 = Debug|Any CPU
		{32F5A8F9-DDDF-4F46-B2EE-62206F1F068A}.Debug|x64.ActiveCfg = Debug|Any CPU
		{32F5A8F9-DDDF-4F46-B2EE-62206F1F068A}.Debug|x64.Build.0 = Debug|Any CPU
		{32F5A8F9-DDDF-4F46-B2EE-62206F1F068A}.Debug|x86.ActiveCfg = Debug|Any CPU
		{32F5A8F9-DDDF-4F46-B2EE-62206F1F068A}.Debug|x86.Build.0 = Debug|Any CPU
		{32F5A8F9-DDDF-4F46-B2EE-62206F1F068A}.Release|Any CPU.ActiveCfg = Release|Any CPU
		{32F5A8F9-DDDF-4F46-B2EE-62206F1F068A}.Release|Any CPU.Build.0 = Release|Any CPU
		{32F5A8F9-DDDF-4F46-B2EE-62206F1F068A}.Release|x64.ActiveCfg = Release|Any CPU
		{32F5A8F9-DDDF-4F46-B2EE-62206F1F068A}.Release|x64.Build.0 = Release|Any CPU
		{32F5A8F9-DDDF-4F46-B2EE-62206F1F068A}.Release|x86.ActiveCfg = Release|Any CPU
		{32F5A8F9-DDDF-4F46-B2EE-62206F1F068A}.Release|x86.Build.0 = Release|Any CPU
		{B00AC712-F496-4E76-A267-54F5E345336E}.Debug|Any CPU.ActiveCfg = Debug|Any CPU
		{B00AC712-F496-4E76-A267-54F5E345336E}.Debug|Any CPU.Build.0 = Debug|Any CPU
		{B00AC712-F496-4E76-A267-54F5E345336E}.Debug|x64.ActiveCfg = Debug|Any CPU
		{B00AC712-F496-4E76-A267-54F5E345336E}.Debug|x64.Build.0 = Debug|Any CPU
		{B00AC712-F496-4E76-A267-54F5E345336E}.Debug|x86.ActiveCfg = Debug|Any CPU
		{B00AC712-F496-4E76-A267-54F5E345336E}.Debug|x86.Build.0 = Debug|Any CPU
		{B00AC712-F496-4E76-A267-54F5E345336E}.Release|Any CPU.ActiveCfg = Release|Any CPU
		{B00AC712-F496-4E76-A267-54F5E345336E}.Release|Any CPU.Build.0 = Release|Any CPU
		{B00AC712-F496-4E76-A267-54F5E345336E}.Release|x64.ActiveCfg = Release|Any CPU
		{B00AC712-F496-4E76-A267-54F5E345336E}.Release|x64.Build.0 = Release|Any CPU
		{B00AC712-F496-4E76-A267-54F5E345336E}.Release|x86.ActiveCfg = Release|Any CPU
		{B00AC712-F496-4E76-A267-54F5E345336E}.Release|x86.Build.0 = Release|Any CPU
		{4262722F-67D6-432D-A327-746AC567955D}.Debug|Any CPU.ActiveCfg = Debug|Any CPU
		{4262722F-67D6-432D-A327-746AC567955D}.Debug|Any CPU.Build.0 = Debug|Any CPU
		{4262722F-67D6-432D-A327-746AC567955D}.Debug|x64.ActiveCfg = Debug|Any CPU
		{4262722F-67D6-432D-A327-746AC567955D}.Debug|x64.Build.0 = Debug|Any CPU
		{4262722F-67D6-432D-A327-746AC567955D}.Debug|x86.ActiveCfg = Debug|Any CPU
		{4262722F-67D6-432D-A327-746AC567955D}.Debug|x86.Build.0 = Debug|Any CPU
		{4262722F-67D6-432D-A327-746AC567955D}.Release|Any CPU.ActiveCfg = Release|Any CPU
		{4262722F-67D6-432D-A327-746AC567955D}.Release|Any CPU.Build.0 = Release|Any CPU
		{4262722F-67D6-432D-A327-746AC567955D}.Release|x64.ActiveCfg = Release|Any CPU
		{4262722F-67D6-432D-A327-746AC567955D}.Release|x64.Build.0 = Release|Any CPU
		{4262722F-67D6-432D-A327-746AC567955D}.Release|x86.ActiveCfg = Release|Any CPU
		{4262722F-67D6-432D-A327-746AC567955D}.Release|x86.Build.0 = Release|Any CPU
		{34BBEE95-43B5-4E9C-BC1F-D9B0F57EBFF1}.Debug|Any CPU.ActiveCfg = Debug|Any CPU
		{34BBEE95-43B5-4E9C-BC1F-D9B0F57EBFF1}.Debug|Any CPU.Build.0 = Debug|Any CPU
		{34BBEE95-43B5-4E9C-BC1F-D9B0F57EBFF1}.Debug|x64.ActiveCfg = Debug|Any CPU
		{34BBEE95-43B5-4E9C-BC1F-D9B0F57EBFF1}.Debug|x64.Build.0 = Debug|Any CPU
		{34BBEE95-43B5-4E9C-BC1F-D9B0F57EBFF1}.Debug|x86.ActiveCfg = Debug|Any CPU
		{34BBEE95-43B5-4E9C-BC1F-D9B0F57EBFF1}.Debug|x86.Build.0 = Debug|Any CPU
		{34BBEE95-43B5-4E9C-BC1F-D9B0F57EBFF1}.Release|Any CPU.ActiveCfg = Release|Any CPU
		{34BBEE95-43B5-4E9C-BC1F-D9B0F57EBFF1}.Release|Any CPU.Build.0 = Release|Any CPU
		{34BBEE95-43B5-4E9C-BC1F-D9B0F57EBFF1}.Release|x64.ActiveCfg = Release|Any CPU
		{34BBEE95-43B5-4E9C-BC1F-D9B0F57EBFF1}.Release|x64.Build.0 = Release|Any CPU
		{34BBEE95-43B5-4E9C-BC1F-D9B0F57EBFF1}.Release|x86.ActiveCfg = Release|Any CPU
		{34BBEE95-43B5-4E9C-BC1F-D9B0F57EBFF1}.Release|x86.Build.0 = Release|Any CPU
		{F752BB72-6FFB-43C5-A5A3-9AE5FD3F5D7E}.Debug|Any CPU.ActiveCfg = Debug|Any CPU
		{F752BB72-6FFB-43C5-A5A3-9AE5FD3F5D7E}.Debug|Any CPU.Build.0 = Debug|Any CPU
		{F752BB72-6FFB-43C5-A5A3-9AE5FD3F5D7E}.Debug|x64.ActiveCfg = Debug|Any CPU
		{F752BB72-6FFB-43C5-A5A3-9AE5FD3F5D7E}.Debug|x64.Build.0 = Debug|Any CPU
		{F752BB72-6FFB-43C5-A5A3-9AE5FD3F5D7E}.Debug|x86.ActiveCfg = Debug|Any CPU
		{F752BB72-6FFB-43C5-A5A3-9AE5FD3F5D7E}.Debug|x86.Build.0 = Debug|Any CPU
		{F752BB72-6FFB-43C5-A5A3-9AE5FD3F5D7E}.Release|Any CPU.ActiveCfg = Release|Any CPU
		{F752BB72-6FFB-43C5-A5A3-9AE5FD3F5D7E}.Release|Any CPU.Build.0 = Release|Any CPU
		{F752BB72-6FFB-43C5-A5A3-9AE5FD3F5D7E}.Release|x64.ActiveCfg = Release|Any CPU
		{F752BB72-6FFB-43C5-A5A3-9AE5FD3F5D7E}.Release|x64.Build.0 = Release|Any CPU
		{F752BB72-6FFB-43C5-A5A3-9AE5FD3F5D7E}.Release|x86.ActiveCfg = Release|Any CPU
		{F752BB72-6FFB-43C5-A5A3-9AE5FD3F5D7E}.Release|x86.Build.0 = Release|Any CPU
		{C19458A3-1A2E-45E9-831E-94D05082EE98}.Debug|Any CPU.ActiveCfg = Debug|Any CPU
		{C19458A3-1A2E-45E9-831E-94D05082EE98}.Debug|Any CPU.Build.0 = Debug|Any CPU
		{C19458A3-1A2E-45E9-831E-94D05082EE98}.Debug|x64.ActiveCfg = Debug|Any CPU
		{C19458A3-1A2E-45E9-831E-94D05082EE98}.Debug|x64.Build.0 = Debug|Any CPU
		{C19458A3-1A2E-45E9-831E-94D05082EE98}.Debug|x86.ActiveCfg = Debug|Any CPU
		{C19458A3-1A2E-45E9-831E-94D05082EE98}.Debug|x86.Build.0 = Debug|Any CPU
		{C19458A3-1A2E-45E9-831E-94D05082EE98}.Release|Any CPU.ActiveCfg = Release|Any CPU
		{C19458A3-1A2E-45E9-831E-94D05082EE98}.Release|Any CPU.Build.0 = Release|Any CPU
		{C19458A3-1A2E-45E9-831E-94D05082EE98}.Release|x64.ActiveCfg = Release|Any CPU
		{C19458A3-1A2E-45E9-831E-94D05082EE98}.Release|x64.Build.0 = Release|Any CPU
		{C19458A3-1A2E-45E9-831E-94D05082EE98}.Release|x86.ActiveCfg = Release|Any CPU
		{C19458A3-1A2E-45E9-831E-94D05082EE98}.Release|x86.Build.0 = Release|Any CPU
		{A244A5AD-9EDA-49F4-9136-2C7932BE00C8}.Debug|Any CPU.ActiveCfg = Debug|Any CPU
		{A244A5AD-9EDA-49F4-9136-2C7932BE00C8}.Debug|Any CPU.Build.0 = Debug|Any CPU
		{A244A5AD-9EDA-49F4-9136-2C7932BE00C8}.Debug|x64.ActiveCfg = Debug|Any CPU
		{A244A5AD-9EDA-49F4-9136-2C7932BE00C8}.Debug|x64.Build.0 = Debug|Any CPU
		{A244A5AD-9EDA-49F4-9136-2C7932BE00C8}.Debug|x86.ActiveCfg = Debug|Any CPU
		{A244A5AD-9EDA-49F4-9136-2C7932BE00C8}.Debug|x86.Build.0 = Debug|Any CPU
		{A244A5AD-9EDA-49F4-9136-2C7932BE00C8}.Release|Any CPU.ActiveCfg = Release|Any CPU
		{A244A5AD-9EDA-49F4-9136-2C7932BE00C8}.Release|Any CPU.Build.0 = Release|Any CPU
		{A244A5AD-9EDA-49F4-9136-2C7932BE00C8}.Release|x64.ActiveCfg = Release|Any CPU
		{A244A5AD-9EDA-49F4-9136-2C7932BE00C8}.Release|x64.Build.0 = Release|Any CPU
		{A244A5AD-9EDA-49F4-9136-2C7932BE00C8}.Release|x86.ActiveCfg = Release|Any CPU
		{A244A5AD-9EDA-49F4-9136-2C7932BE00C8}.Release|x86.Build.0 = Release|Any CPU
		{D046BE82-8BCD-432B-8C78-1921D9A502CA}.Debug|Any CPU.ActiveCfg = Debug|Any CPU
		{D046BE82-8BCD-432B-8C78-1921D9A502CA}.Debug|Any CPU.Build.0 = Debug|Any CPU
		{D046BE82-8BCD-432B-8C78-1921D9A502CA}.Debug|x64.ActiveCfg = Debug|Any CPU
		{D046BE82-8BCD-432B-8C78-1921D9A502CA}.Debug|x64.Build.0 = Debug|Any CPU
		{D046BE82-8BCD-432B-8C78-1921D9A502CA}.Debug|x86.ActiveCfg = Debug|Any CPU
		{D046BE82-8BCD-432B-8C78-1921D9A502CA}.Debug|x86.Build.0 = Debug|Any CPU
		{D046BE82-8BCD-432B-8C78-1921D9A502CA}.Release|Any CPU.ActiveCfg = Release|Any CPU
		{D046BE82-8BCD-432B-8C78-1921D9A502CA}.Release|Any CPU.Build.0 = Release|Any CPU
		{D046BE82-8BCD-432B-8C78-1921D9A502CA}.Release|x64.ActiveCfg = Release|Any CPU
		{D046BE82-8BCD-432B-8C78-1921D9A502CA}.Release|x64.Build.0 = Release|Any CPU
		{D046BE82-8BCD-432B-8C78-1921D9A502CA}.Release|x86.ActiveCfg = Release|Any CPU
		{D046BE82-8BCD-432B-8C78-1921D9A502CA}.Release|x86.Build.0 = Release|Any CPU
		{870C47D3-B95D-465E-990B-6EA799EF3CB5}.Debug|Any CPU.ActiveCfg = Debug|Any CPU
		{870C47D3-B95D-465E-990B-6EA799EF3CB5}.Debug|Any CPU.Build.0 = Debug|Any CPU
		{870C47D3-B95D-465E-990B-6EA799EF3CB5}.Debug|x64.ActiveCfg = Debug|Any CPU
		{870C47D3-B95D-465E-990B-6EA799EF3CB5}.Debug|x64.Build.0 = Debug|Any CPU
		{870C47D3-B95D-465E-990B-6EA799EF3CB5}.Debug|x86.ActiveCfg = Debug|Any CPU
		{870C47D3-B95D-465E-990B-6EA799EF3CB5}.Debug|x86.Build.0 = Debug|Any CPU
		{870C47D3-B95D-465E-990B-6EA799EF3CB5}.Release|Any CPU.ActiveCfg = Release|Any CPU
		{870C47D3-B95D-465E-990B-6EA799EF3CB5}.Release|Any CPU.Build.0 = Release|Any CPU
		{870C47D3-B95D-465E-990B-6EA799EF3CB5}.Release|x64.ActiveCfg = Release|Any CPU
		{870C47D3-B95D-465E-990B-6EA799EF3CB5}.Release|x64.Build.0 = Release|Any CPU
		{870C47D3-B95D-465E-990B-6EA799EF3CB5}.Release|x86.ActiveCfg = Release|Any CPU
		{870C47D3-B95D-465E-990B-6EA799EF3CB5}.Release|x86.Build.0 = Release|Any CPU
		{92EB2A42-0504-43FD-91ED-1068AB31E8EC}.Debug|Any CPU.ActiveCfg = Debug|Any CPU
		{92EB2A42-0504-43FD-91ED-1068AB31E8EC}.Debug|Any CPU.Build.0 = Debug|Any CPU
		{92EB2A42-0504-43FD-91ED-1068AB31E8EC}.Debug|x64.ActiveCfg = Debug|Any CPU
		{92EB2A42-0504-43FD-91ED-1068AB31E8EC}.Debug|x64.Build.0 = Debug|Any CPU
		{92EB2A42-0504-43FD-91ED-1068AB31E8EC}.Debug|x86.ActiveCfg = Debug|Any CPU
		{92EB2A42-0504-43FD-91ED-1068AB31E8EC}.Debug|x86.Build.0 = Debug|Any CPU
		{92EB2A42-0504-43FD-91ED-1068AB31E8EC}.Release|Any CPU.ActiveCfg = Release|Any CPU
		{92EB2A42-0504-43FD-91ED-1068AB31E8EC}.Release|Any CPU.Build.0 = Release|Any CPU
		{92EB2A42-0504-43FD-91ED-1068AB31E8EC}.Release|x64.ActiveCfg = Release|Any CPU
		{92EB2A42-0504-43FD-91ED-1068AB31E8EC}.Release|x64.Build.0 = Release|Any CPU
		{92EB2A42-0504-43FD-91ED-1068AB31E8EC}.Release|x86.ActiveCfg = Release|Any CPU
		{92EB2A42-0504-43FD-91ED-1068AB31E8EC}.Release|x86.Build.0 = Release|Any CPU
		{54B9CBB5-4C58-4AA5-87FB-3B2C80B3534E}.Debug|Any CPU.ActiveCfg = Debug|Any CPU
		{54B9CBB5-4C58-4AA5-87FB-3B2C80B3534E}.Debug|Any CPU.Build.0 = Debug|Any CPU
		{54B9CBB5-4C58-4AA5-87FB-3B2C80B3534E}.Debug|x64.ActiveCfg = Debug|Any CPU
		{54B9CBB5-4C58-4AA5-87FB-3B2C80B3534E}.Debug|x64.Build.0 = Debug|Any CPU
		{54B9CBB5-4C58-4AA5-87FB-3B2C80B3534E}.Debug|x86.ActiveCfg = Debug|Any CPU
		{54B9CBB5-4C58-4AA5-87FB-3B2C80B3534E}.Debug|x86.Build.0 = Debug|Any CPU
		{54B9CBB5-4C58-4AA5-87FB-3B2C80B3534E}.Release|Any CPU.ActiveCfg = Release|Any CPU
		{54B9CBB5-4C58-4AA5-87FB-3B2C80B3534E}.Release|Any CPU.Build.0 = Release|Any CPU
		{54B9CBB5-4C58-4AA5-87FB-3B2C80B3534E}.Release|x64.ActiveCfg = Release|Any CPU
		{54B9CBB5-4C58-4AA5-87FB-3B2C80B3534E}.Release|x64.Build.0 = Release|Any CPU
		{54B9CBB5-4C58-4AA5-87FB-3B2C80B3534E}.Release|x86.ActiveCfg = Release|Any CPU
		{54B9CBB5-4C58-4AA5-87FB-3B2C80B3534E}.Release|x86.Build.0 = Release|Any CPU
		{359D3AAC-5E81-4DDA-8C30-16BA39B9889E}.Debug|Any CPU.ActiveCfg = Debug|Any CPU
		{359D3AAC-5E81-4DDA-8C30-16BA39B9889E}.Debug|Any CPU.Build.0 = Debug|Any CPU
		{359D3AAC-5E81-4DDA-8C30-16BA39B9889E}.Debug|x64.ActiveCfg = Debug|Any CPU
		{359D3AAC-5E81-4DDA-8C30-16BA39B9889E}.Debug|x64.Build.0 = Debug|Any CPU
		{359D3AAC-5E81-4DDA-8C30-16BA39B9889E}.Debug|x86.ActiveCfg = Debug|Any CPU
		{359D3AAC-5E81-4DDA-8C30-16BA39B9889E}.Debug|x86.Build.0 = Debug|Any CPU
		{359D3AAC-5E81-4DDA-8C30-16BA39B9889E}.Release|Any CPU.ActiveCfg = Release|Any CPU
		{359D3AAC-5E81-4DDA-8C30-16BA39B9889E}.Release|Any CPU.Build.0 = Release|Any CPU
		{359D3AAC-5E81-4DDA-8C30-16BA39B9889E}.Release|x64.ActiveCfg = Release|Any CPU
		{359D3AAC-5E81-4DDA-8C30-16BA39B9889E}.Release|x64.Build.0 = Release|Any CPU
		{359D3AAC-5E81-4DDA-8C30-16BA39B9889E}.Release|x86.ActiveCfg = Release|Any CPU
		{359D3AAC-5E81-4DDA-8C30-16BA39B9889E}.Release|x86.Build.0 = Release|Any CPU
		{9F10FA26-6303-4574-9A3D-3739DFB0999B}.Debug|Any CPU.ActiveCfg = Debug|Any CPU
		{9F10FA26-6303-4574-9A3D-3739DFB0999B}.Debug|Any CPU.Build.0 = Debug|Any CPU
		{9F10FA26-6303-4574-9A3D-3739DFB0999B}.Debug|x64.ActiveCfg = Debug|Any CPU
		{9F10FA26-6303-4574-9A3D-3739DFB0999B}.Debug|x64.Build.0 = Debug|Any CPU
		{9F10FA26-6303-4574-9A3D-3739DFB0999B}.Debug|x86.ActiveCfg = Debug|Any CPU
		{9F10FA26-6303-4574-9A3D-3739DFB0999B}.Debug|x86.Build.0 = Debug|Any CPU
		{9F10FA26-6303-4574-9A3D-3739DFB0999B}.Release|Any CPU.ActiveCfg = Release|Any CPU
		{9F10FA26-6303-4574-9A3D-3739DFB0999B}.Release|Any CPU.Build.0 = Release|Any CPU
		{9F10FA26-6303-4574-9A3D-3739DFB0999B}.Release|x64.ActiveCfg = Release|Any CPU
		{9F10FA26-6303-4574-9A3D-3739DFB0999B}.Release|x64.Build.0 = Release|Any CPU
		{9F10FA26-6303-4574-9A3D-3739DFB0999B}.Release|x86.ActiveCfg = Release|Any CPU
		{9F10FA26-6303-4574-9A3D-3739DFB0999B}.Release|x86.Build.0 = Release|Any CPU
		{3D24FD2A-18B7-4A13-A466-6EB9779F4ABE}.Debug|Any CPU.ActiveCfg = Debug|Any CPU
		{3D24FD2A-18B7-4A13-A466-6EB9779F4ABE}.Debug|Any CPU.Build.0 = Debug|Any CPU
		{3D24FD2A-18B7-4A13-A466-6EB9779F4ABE}.Debug|x64.ActiveCfg = Debug|Any CPU
		{3D24FD2A-18B7-4A13-A466-6EB9779F4ABE}.Debug|x64.Build.0 = Debug|Any CPU
		{3D24FD2A-18B7-4A13-A466-6EB9779F4ABE}.Debug|x86.ActiveCfg = Debug|Any CPU
		{3D24FD2A-18B7-4A13-A466-6EB9779F4ABE}.Debug|x86.Build.0 = Debug|Any CPU
		{3D24FD2A-18B7-4A13-A466-6EB9779F4ABE}.Release|Any CPU.ActiveCfg = Release|Any CPU
		{3D24FD2A-18B7-4A13-A466-6EB9779F4ABE}.Release|Any CPU.Build.0 = Release|Any CPU
		{3D24FD2A-18B7-4A13-A466-6EB9779F4ABE}.Release|x64.ActiveCfg = Release|Any CPU
		{3D24FD2A-18B7-4A13-A466-6EB9779F4ABE}.Release|x64.Build.0 = Release|Any CPU
		{3D24FD2A-18B7-4A13-A466-6EB9779F4ABE}.Release|x86.ActiveCfg = Release|Any CPU
		{3D24FD2A-18B7-4A13-A466-6EB9779F4ABE}.Release|x86.Build.0 = Release|Any CPU
		{E97ACDFC-7A30-49A6-B4B1-1FCF6E8164F2}.Debug|Any CPU.ActiveCfg = Debug|Any CPU
		{E97ACDFC-7A30-49A6-B4B1-1FCF6E8164F2}.Debug|Any CPU.Build.0 = Debug|Any CPU
		{E97ACDFC-7A30-49A6-B4B1-1FCF6E8164F2}.Debug|x64.ActiveCfg = Debug|Any CPU
		{E97ACDFC-7A30-49A6-B4B1-1FCF6E8164F2}.Debug|x64.Build.0 = Debug|Any CPU
		{E97ACDFC-7A30-49A6-B4B1-1FCF6E8164F2}.Debug|x86.ActiveCfg = Debug|Any CPU
		{E97ACDFC-7A30-49A6-B4B1-1FCF6E8164F2}.Debug|x86.Build.0 = Debug|Any CPU
		{E97ACDFC-7A30-49A6-B4B1-1FCF6E8164F2}.Release|Any CPU.ActiveCfg = Release|Any CPU
		{E97ACDFC-7A30-49A6-B4B1-1FCF6E8164F2}.Release|Any CPU.Build.0 = Release|Any CPU
		{E97ACDFC-7A30-49A6-B4B1-1FCF6E8164F2}.Release|x64.ActiveCfg = Release|Any CPU
		{E97ACDFC-7A30-49A6-B4B1-1FCF6E8164F2}.Release|x64.Build.0 = Release|Any CPU
		{E97ACDFC-7A30-49A6-B4B1-1FCF6E8164F2}.Release|x86.ActiveCfg = Release|Any CPU
		{E97ACDFC-7A30-49A6-B4B1-1FCF6E8164F2}.Release|x86.Build.0 = Release|Any CPU
		{85AC159A-D630-4C57-A911-AF3D5C4CC500}.Debug|Any CPU.ActiveCfg = Debug|Any CPU
		{85AC159A-D630-4C57-A911-AF3D5C4CC500}.Debug|Any CPU.Build.0 = Debug|Any CPU
		{85AC159A-D630-4C57-A911-AF3D5C4CC500}.Debug|x64.ActiveCfg = Debug|Any CPU
		{85AC159A-D630-4C57-A911-AF3D5C4CC500}.Debug|x64.Build.0 = Debug|Any CPU
		{85AC159A-D630-4C57-A911-AF3D5C4CC500}.Debug|x86.ActiveCfg = Debug|Any CPU
		{85AC159A-D630-4C57-A911-AF3D5C4CC500}.Debug|x86.Build.0 = Debug|Any CPU
		{85AC159A-D630-4C57-A911-AF3D5C4CC500}.Release|Any CPU.ActiveCfg = Release|Any CPU
		{85AC159A-D630-4C57-A911-AF3D5C4CC500}.Release|Any CPU.Build.0 = Release|Any CPU
		{85AC159A-D630-4C57-A911-AF3D5C4CC500}.Release|x64.ActiveCfg = Release|Any CPU
		{85AC159A-D630-4C57-A911-AF3D5C4CC500}.Release|x64.Build.0 = Release|Any CPU
		{85AC159A-D630-4C57-A911-AF3D5C4CC500}.Release|x86.ActiveCfg = Release|Any CPU
		{85AC159A-D630-4C57-A911-AF3D5C4CC500}.Release|x86.Build.0 = Release|Any CPU
		{493588F1-092D-43FC-82F6-648442F7F235}.Debug|Any CPU.ActiveCfg = Debug|Any CPU
		{493588F1-092D-43FC-82F6-648442F7F235}.Debug|Any CPU.Build.0 = Debug|Any CPU
		{493588F1-092D-43FC-82F6-648442F7F235}.Debug|x64.ActiveCfg = Debug|Any CPU
		{493588F1-092D-43FC-82F6-648442F7F235}.Debug|x64.Build.0 = Debug|Any CPU
		{493588F1-092D-43FC-82F6-648442F7F235}.Debug|x86.ActiveCfg = Debug|Any CPU
		{493588F1-092D-43FC-82F6-648442F7F235}.Debug|x86.Build.0 = Debug|Any CPU
		{493588F1-092D-43FC-82F6-648442F7F235}.Release|Any CPU.ActiveCfg = Release|Any CPU
		{493588F1-092D-43FC-82F6-648442F7F235}.Release|Any CPU.Build.0 = Release|Any CPU
		{493588F1-092D-43FC-82F6-648442F7F235}.Release|x64.ActiveCfg = Release|Any CPU
		{493588F1-092D-43FC-82F6-648442F7F235}.Release|x64.Build.0 = Release|Any CPU
		{493588F1-092D-43FC-82F6-648442F7F235}.Release|x86.ActiveCfg = Release|Any CPU
		{493588F1-092D-43FC-82F6-648442F7F235}.Release|x86.Build.0 = Release|Any CPU
		{D976270A-5B26-4B78-9519-9FCD939F7A6C}.Debug|Any CPU.ActiveCfg = Debug|Any CPU
		{D976270A-5B26-4B78-9519-9FCD939F7A6C}.Debug|Any CPU.Build.0 = Debug|Any CPU
		{D976270A-5B26-4B78-9519-9FCD939F7A6C}.Debug|x64.ActiveCfg = Debug|Any CPU
		{D976270A-5B26-4B78-9519-9FCD939F7A6C}.Debug|x64.Build.0 = Debug|Any CPU
		{D976270A-5B26-4B78-9519-9FCD939F7A6C}.Debug|x86.ActiveCfg = Debug|Any CPU
		{D976270A-5B26-4B78-9519-9FCD939F7A6C}.Debug|x86.Build.0 = Debug|Any CPU
		{D976270A-5B26-4B78-9519-9FCD939F7A6C}.Release|Any CPU.ActiveCfg = Release|Any CPU
		{D976270A-5B26-4B78-9519-9FCD939F7A6C}.Release|Any CPU.Build.0 = Release|Any CPU
		{D976270A-5B26-4B78-9519-9FCD939F7A6C}.Release|x64.ActiveCfg = Release|Any CPU
		{D976270A-5B26-4B78-9519-9FCD939F7A6C}.Release|x64.Build.0 = Release|Any CPU
		{D976270A-5B26-4B78-9519-9FCD939F7A6C}.Release|x86.ActiveCfg = Release|Any CPU
		{D976270A-5B26-4B78-9519-9FCD939F7A6C}.Release|x86.Build.0 = Release|Any CPU
		{3A25296E-D998-457B-95E5-E4D3508D64E7}.Debug|Any CPU.ActiveCfg = Debug|Any CPU
		{3A25296E-D998-457B-95E5-E4D3508D64E7}.Debug|Any CPU.Build.0 = Debug|Any CPU
		{3A25296E-D998-457B-95E5-E4D3508D64E7}.Debug|x64.ActiveCfg = Debug|Any CPU
		{3A25296E-D998-457B-95E5-E4D3508D64E7}.Debug|x64.Build.0 = Debug|Any CPU
		{3A25296E-D998-457B-95E5-E4D3508D64E7}.Debug|x86.ActiveCfg = Debug|Any CPU
		{3A25296E-D998-457B-95E5-E4D3508D64E7}.Debug|x86.Build.0 = Debug|Any CPU
		{3A25296E-D998-457B-95E5-E4D3508D64E7}.Release|Any CPU.ActiveCfg = Release|Any CPU
		{3A25296E-D998-457B-95E5-E4D3508D64E7}.Release|Any CPU.Build.0 = Release|Any CPU
		{3A25296E-D998-457B-95E5-E4D3508D64E7}.Release|x64.ActiveCfg = Release|Any CPU
		{3A25296E-D998-457B-95E5-E4D3508D64E7}.Release|x64.Build.0 = Release|Any CPU
		{3A25296E-D998-457B-95E5-E4D3508D64E7}.Release|x86.ActiveCfg = Release|Any CPU
		{3A25296E-D998-457B-95E5-E4D3508D64E7}.Release|x86.Build.0 = Release|Any CPU
		{4326E2CA-DC05-4328-80A3-3F6AA95FC152}.Debug|Any CPU.ActiveCfg = Debug|Any CPU
		{4326E2CA-DC05-4328-80A3-3F6AA95FC152}.Debug|Any CPU.Build.0 = Debug|Any CPU
		{4326E2CA-DC05-4328-80A3-3F6AA95FC152}.Debug|x64.ActiveCfg = Debug|Any CPU
		{4326E2CA-DC05-4328-80A3-3F6AA95FC152}.Debug|x64.Build.0 = Debug|Any CPU
		{4326E2CA-DC05-4328-80A3-3F6AA95FC152}.Debug|x86.ActiveCfg = Debug|Any CPU
		{4326E2CA-DC05-4328-80A3-3F6AA95FC152}.Debug|x86.Build.0 = Debug|Any CPU
		{4326E2CA-DC05-4328-80A3-3F6AA95FC152}.Release|Any CPU.ActiveCfg = Release|Any CPU
		{4326E2CA-DC05-4328-80A3-3F6AA95FC152}.Release|Any CPU.Build.0 = Release|Any CPU
		{4326E2CA-DC05-4328-80A3-3F6AA95FC152}.Release|x64.ActiveCfg = Release|Any CPU
		{4326E2CA-DC05-4328-80A3-3F6AA95FC152}.Release|x64.Build.0 = Release|Any CPU
		{4326E2CA-DC05-4328-80A3-3F6AA95FC152}.Release|x86.ActiveCfg = Release|Any CPU
		{4326E2CA-DC05-4328-80A3-3F6AA95FC152}.Release|x86.Build.0 = Release|Any CPU
		{FFD2B331-05D4-4F17-B062-74AC092F99B7}.Debug|Any CPU.ActiveCfg = Debug|Any CPU
		{FFD2B331-05D4-4F17-B062-74AC092F99B7}.Debug|Any CPU.Build.0 = Debug|Any CPU
		{FFD2B331-05D4-4F17-B062-74AC092F99B7}.Debug|x64.ActiveCfg = Debug|Any CPU
		{FFD2B331-05D4-4F17-B062-74AC092F99B7}.Debug|x64.Build.0 = Debug|Any CPU
		{FFD2B331-05D4-4F17-B062-74AC092F99B7}.Debug|x86.ActiveCfg = Debug|Any CPU
		{FFD2B331-05D4-4F17-B062-74AC092F99B7}.Debug|x86.Build.0 = Debug|Any CPU
		{FFD2B331-05D4-4F17-B062-74AC092F99B7}.Release|Any CPU.ActiveCfg = Release|Any CPU
		{FFD2B331-05D4-4F17-B062-74AC092F99B7}.Release|Any CPU.Build.0 = Release|Any CPU
		{FFD2B331-05D4-4F17-B062-74AC092F99B7}.Release|x64.ActiveCfg = Release|Any CPU
		{FFD2B331-05D4-4F17-B062-74AC092F99B7}.Release|x64.Build.0 = Release|Any CPU
		{FFD2B331-05D4-4F17-B062-74AC092F99B7}.Release|x86.ActiveCfg = Release|Any CPU
		{FFD2B331-05D4-4F17-B062-74AC092F99B7}.Release|x86.Build.0 = Release|Any CPU
		{A3C5ACA7-4D4F-4084-9AB5-C29A22543ECF}.Debug|Any CPU.ActiveCfg = Debug|Any CPU
		{A3C5ACA7-4D4F-4084-9AB5-C29A22543ECF}.Debug|Any CPU.Build.0 = Debug|Any CPU
		{A3C5ACA7-4D4F-4084-9AB5-C29A22543ECF}.Debug|x64.ActiveCfg = Debug|Any CPU
		{A3C5ACA7-4D4F-4084-9AB5-C29A22543ECF}.Debug|x64.Build.0 = Debug|Any CPU
		{A3C5ACA7-4D4F-4084-9AB5-C29A22543ECF}.Debug|x86.ActiveCfg = Debug|Any CPU
		{A3C5ACA7-4D4F-4084-9AB5-C29A22543ECF}.Debug|x86.Build.0 = Debug|Any CPU
		{A3C5ACA7-4D4F-4084-9AB5-C29A22543ECF}.Release|Any CPU.ActiveCfg = Release|Any CPU
		{A3C5ACA7-4D4F-4084-9AB5-C29A22543ECF}.Release|Any CPU.Build.0 = Release|Any CPU
		{A3C5ACA7-4D4F-4084-9AB5-C29A22543ECF}.Release|x64.ActiveCfg = Release|Any CPU
		{A3C5ACA7-4D4F-4084-9AB5-C29A22543ECF}.Release|x64.Build.0 = Release|Any CPU
		{A3C5ACA7-4D4F-4084-9AB5-C29A22543ECF}.Release|x86.ActiveCfg = Release|Any CPU
		{A3C5ACA7-4D4F-4084-9AB5-C29A22543ECF}.Release|x86.Build.0 = Release|Any CPU
		{B16A028E-C573-4630-9398-3BCB07C40D6E}.Debug|Any CPU.ActiveCfg = Debug|Any CPU
		{B16A028E-C573-4630-9398-3BCB07C40D6E}.Debug|Any CPU.Build.0 = Debug|Any CPU
		{B16A028E-C573-4630-9398-3BCB07C40D6E}.Debug|x64.ActiveCfg = Debug|Any CPU
		{B16A028E-C573-4630-9398-3BCB07C40D6E}.Debug|x64.Build.0 = Debug|Any CPU
		{B16A028E-C573-4630-9398-3BCB07C40D6E}.Debug|x86.ActiveCfg = Debug|Any CPU
		{B16A028E-C573-4630-9398-3BCB07C40D6E}.Debug|x86.Build.0 = Debug|Any CPU
		{B16A028E-C573-4630-9398-3BCB07C40D6E}.Release|Any CPU.ActiveCfg = Release|Any CPU
		{B16A028E-C573-4630-9398-3BCB07C40D6E}.Release|Any CPU.Build.0 = Release|Any CPU
		{B16A028E-C573-4630-9398-3BCB07C40D6E}.Release|x64.ActiveCfg = Release|Any CPU
		{B16A028E-C573-4630-9398-3BCB07C40D6E}.Release|x64.Build.0 = Release|Any CPU
		{B16A028E-C573-4630-9398-3BCB07C40D6E}.Release|x86.ActiveCfg = Release|Any CPU
		{B16A028E-C573-4630-9398-3BCB07C40D6E}.Release|x86.Build.0 = Release|Any CPU
		{9BEC8B83-EC86-4FE4-84F0-AA14C49E23D2}.Debug|Any CPU.ActiveCfg = Debug|Any CPU
		{9BEC8B83-EC86-4FE4-84F0-AA14C49E23D2}.Debug|Any CPU.Build.0 = Debug|Any CPU
		{9BEC8B83-EC86-4FE4-84F0-AA14C49E23D2}.Debug|x64.ActiveCfg = Debug|Any CPU
		{9BEC8B83-EC86-4FE4-84F0-AA14C49E23D2}.Debug|x64.Build.0 = Debug|Any CPU
		{9BEC8B83-EC86-4FE4-84F0-AA14C49E23D2}.Debug|x86.ActiveCfg = Debug|Any CPU
		{9BEC8B83-EC86-4FE4-84F0-AA14C49E23D2}.Debug|x86.Build.0 = Debug|Any CPU
		{9BEC8B83-EC86-4FE4-84F0-AA14C49E23D2}.Release|Any CPU.ActiveCfg = Release|Any CPU
		{9BEC8B83-EC86-4FE4-84F0-AA14C49E23D2}.Release|Any CPU.Build.0 = Release|Any CPU
		{9BEC8B83-EC86-4FE4-84F0-AA14C49E23D2}.Release|x64.ActiveCfg = Release|Any CPU
		{9BEC8B83-EC86-4FE4-84F0-AA14C49E23D2}.Release|x64.Build.0 = Release|Any CPU
		{9BEC8B83-EC86-4FE4-84F0-AA14C49E23D2}.Release|x86.ActiveCfg = Release|Any CPU
		{9BEC8B83-EC86-4FE4-84F0-AA14C49E23D2}.Release|x86.Build.0 = Release|Any CPU
		{A29DF474-AF55-4608-B0E8-E5B79BE1676C}.Debug|Any CPU.ActiveCfg = Debug|Any CPU
		{A29DF474-AF55-4608-B0E8-E5B79BE1676C}.Debug|Any CPU.Build.0 = Debug|Any CPU
		{A29DF474-AF55-4608-B0E8-E5B79BE1676C}.Debug|x64.ActiveCfg = Debug|Any CPU
		{A29DF474-AF55-4608-B0E8-E5B79BE1676C}.Debug|x64.Build.0 = Debug|Any CPU
		{A29DF474-AF55-4608-B0E8-E5B79BE1676C}.Debug|x86.ActiveCfg = Debug|Any CPU
		{A29DF474-AF55-4608-B0E8-E5B79BE1676C}.Debug|x86.Build.0 = Debug|Any CPU
		{A29DF474-AF55-4608-B0E8-E5B79BE1676C}.Release|Any CPU.ActiveCfg = Release|Any CPU
		{A29DF474-AF55-4608-B0E8-E5B79BE1676C}.Release|Any CPU.Build.0 = Release|Any CPU
		{A29DF474-AF55-4608-B0E8-E5B79BE1676C}.Release|x64.ActiveCfg = Release|Any CPU
		{A29DF474-AF55-4608-B0E8-E5B79BE1676C}.Release|x64.Build.0 = Release|Any CPU
		{A29DF474-AF55-4608-B0E8-E5B79BE1676C}.Release|x86.ActiveCfg = Release|Any CPU
		{A29DF474-AF55-4608-B0E8-E5B79BE1676C}.Release|x86.Build.0 = Release|Any CPU
		{12DA1927-0694-4659-AF1A-498839C7FFA4}.Debug|Any CPU.ActiveCfg = Debug|Any CPU
		{12DA1927-0694-4659-AF1A-498839C7FFA4}.Debug|Any CPU.Build.0 = Debug|Any CPU
		{12DA1927-0694-4659-AF1A-498839C7FFA4}.Debug|x64.ActiveCfg = Debug|Any CPU
		{12DA1927-0694-4659-AF1A-498839C7FFA4}.Debug|x64.Build.0 = Debug|Any CPU
		{12DA1927-0694-4659-AF1A-498839C7FFA4}.Debug|x86.ActiveCfg = Debug|Any CPU
		{12DA1927-0694-4659-AF1A-498839C7FFA4}.Debug|x86.Build.0 = Debug|Any CPU
		{12DA1927-0694-4659-AF1A-498839C7FFA4}.Release|Any CPU.ActiveCfg = Release|Any CPU
		{12DA1927-0694-4659-AF1A-498839C7FFA4}.Release|Any CPU.Build.0 = Release|Any CPU
		{12DA1927-0694-4659-AF1A-498839C7FFA4}.Release|x64.ActiveCfg = Release|Any CPU
		{12DA1927-0694-4659-AF1A-498839C7FFA4}.Release|x64.Build.0 = Release|Any CPU
		{12DA1927-0694-4659-AF1A-498839C7FFA4}.Release|x86.ActiveCfg = Release|Any CPU
		{12DA1927-0694-4659-AF1A-498839C7FFA4}.Release|x86.Build.0 = Release|Any CPU
		{61EBC5CA-3581-45F7-8D9B-95B2A1DC6EE8}.Debug|Any CPU.ActiveCfg = Debug|Any CPU
		{61EBC5CA-3581-45F7-8D9B-95B2A1DC6EE8}.Debug|Any CPU.Build.0 = Debug|Any CPU
		{61EBC5CA-3581-45F7-8D9B-95B2A1DC6EE8}.Debug|x64.ActiveCfg = Debug|Any CPU
		{61EBC5CA-3581-45F7-8D9B-95B2A1DC6EE8}.Debug|x64.Build.0 = Debug|Any CPU
		{61EBC5CA-3581-45F7-8D9B-95B2A1DC6EE8}.Debug|x86.ActiveCfg = Debug|Any CPU
		{61EBC5CA-3581-45F7-8D9B-95B2A1DC6EE8}.Debug|x86.Build.0 = Debug|Any CPU
		{61EBC5CA-3581-45F7-8D9B-95B2A1DC6EE8}.Release|Any CPU.ActiveCfg = Release|Any CPU
		{61EBC5CA-3581-45F7-8D9B-95B2A1DC6EE8}.Release|Any CPU.Build.0 = Release|Any CPU
		{61EBC5CA-3581-45F7-8D9B-95B2A1DC6EE8}.Release|x64.ActiveCfg = Release|Any CPU
		{61EBC5CA-3581-45F7-8D9B-95B2A1DC6EE8}.Release|x64.Build.0 = Release|Any CPU
		{61EBC5CA-3581-45F7-8D9B-95B2A1DC6EE8}.Release|x86.ActiveCfg = Release|Any CPU
		{61EBC5CA-3581-45F7-8D9B-95B2A1DC6EE8}.Release|x86.Build.0 = Release|Any CPU
		{39241396-19F3-4BA3-8267-06DF1736A0AF}.Debug|Any CPU.ActiveCfg = Debug|Any CPU
		{39241396-19F3-4BA3-8267-06DF1736A0AF}.Debug|Any CPU.Build.0 = Debug|Any CPU
		{39241396-19F3-4BA3-8267-06DF1736A0AF}.Debug|x64.ActiveCfg = Debug|Any CPU
		{39241396-19F3-4BA3-8267-06DF1736A0AF}.Debug|x64.Build.0 = Debug|Any CPU
		{39241396-19F3-4BA3-8267-06DF1736A0AF}.Debug|x86.ActiveCfg = Debug|Any CPU
		{39241396-19F3-4BA3-8267-06DF1736A0AF}.Debug|x86.Build.0 = Debug|Any CPU
		{39241396-19F3-4BA3-8267-06DF1736A0AF}.Release|Any CPU.ActiveCfg = Release|Any CPU
		{39241396-19F3-4BA3-8267-06DF1736A0AF}.Release|Any CPU.Build.0 = Release|Any CPU
		{39241396-19F3-4BA3-8267-06DF1736A0AF}.Release|x64.ActiveCfg = Release|Any CPU
		{39241396-19F3-4BA3-8267-06DF1736A0AF}.Release|x64.Build.0 = Release|Any CPU
		{39241396-19F3-4BA3-8267-06DF1736A0AF}.Release|x86.ActiveCfg = Release|Any CPU
		{39241396-19F3-4BA3-8267-06DF1736A0AF}.Release|x86.Build.0 = Release|Any CPU
		{4F2AA10A-36CE-49C0-A9F0-056EF2607EA3}.Debug|Any CPU.ActiveCfg = Debug|Any CPU
		{4F2AA10A-36CE-49C0-A9F0-056EF2607EA3}.Debug|Any CPU.Build.0 = Debug|Any CPU
		{4F2AA10A-36CE-49C0-A9F0-056EF2607EA3}.Debug|x64.ActiveCfg = Debug|Any CPU
		{4F2AA10A-36CE-49C0-A9F0-056EF2607EA3}.Debug|x64.Build.0 = Debug|Any CPU
		{4F2AA10A-36CE-49C0-A9F0-056EF2607EA3}.Debug|x86.ActiveCfg = Debug|Any CPU
		{4F2AA10A-36CE-49C0-A9F0-056EF2607EA3}.Debug|x86.Build.0 = Debug|Any CPU
		{4F2AA10A-36CE-49C0-A9F0-056EF2607EA3}.Release|Any CPU.ActiveCfg = Release|Any CPU
		{4F2AA10A-36CE-49C0-A9F0-056EF2607EA3}.Release|Any CPU.Build.0 = Release|Any CPU
		{4F2AA10A-36CE-49C0-A9F0-056EF2607EA3}.Release|x64.ActiveCfg = Release|Any CPU
		{4F2AA10A-36CE-49C0-A9F0-056EF2607EA3}.Release|x64.Build.0 = Release|Any CPU
		{4F2AA10A-36CE-49C0-A9F0-056EF2607EA3}.Release|x86.ActiveCfg = Release|Any CPU
		{4F2AA10A-36CE-49C0-A9F0-056EF2607EA3}.Release|x86.Build.0 = Release|Any CPU
		{63AFBB68-528E-4C34-B955-0B60FF94AB4C}.Debug|Any CPU.ActiveCfg = Debug|Any CPU
		{63AFBB68-528E-4C34-B955-0B60FF94AB4C}.Debug|Any CPU.Build.0 = Debug|Any CPU
		{63AFBB68-528E-4C34-B955-0B60FF94AB4C}.Debug|x64.ActiveCfg = Debug|Any CPU
		{63AFBB68-528E-4C34-B955-0B60FF94AB4C}.Debug|x64.Build.0 = Debug|Any CPU
		{63AFBB68-528E-4C34-B955-0B60FF94AB4C}.Debug|x86.ActiveCfg = Debug|Any CPU
		{63AFBB68-528E-4C34-B955-0B60FF94AB4C}.Debug|x86.Build.0 = Debug|Any CPU
		{63AFBB68-528E-4C34-B955-0B60FF94AB4C}.Release|Any CPU.ActiveCfg = Release|Any CPU
		{63AFBB68-528E-4C34-B955-0B60FF94AB4C}.Release|Any CPU.Build.0 = Release|Any CPU
		{63AFBB68-528E-4C34-B955-0B60FF94AB4C}.Release|x64.ActiveCfg = Release|Any CPU
		{63AFBB68-528E-4C34-B955-0B60FF94AB4C}.Release|x64.Build.0 = Release|Any CPU
		{63AFBB68-528E-4C34-B955-0B60FF94AB4C}.Release|x86.ActiveCfg = Release|Any CPU
		{63AFBB68-528E-4C34-B955-0B60FF94AB4C}.Release|x86.Build.0 = Release|Any CPU
		{FBE149A1-C8C2-49BD-92AA-88785F2D8416}.Debug|Any CPU.ActiveCfg = Debug|Any CPU
		{FBE149A1-C8C2-49BD-92AA-88785F2D8416}.Debug|Any CPU.Build.0 = Debug|Any CPU
		{FBE149A1-C8C2-49BD-92AA-88785F2D8416}.Debug|x64.ActiveCfg = Debug|Any CPU
		{FBE149A1-C8C2-49BD-92AA-88785F2D8416}.Debug|x64.Build.0 = Debug|Any CPU
		{FBE149A1-C8C2-49BD-92AA-88785F2D8416}.Debug|x86.ActiveCfg = Debug|Any CPU
		{FBE149A1-C8C2-49BD-92AA-88785F2D8416}.Debug|x86.Build.0 = Debug|Any CPU
		{FBE149A1-C8C2-49BD-92AA-88785F2D8416}.Release|Any CPU.ActiveCfg = Release|Any CPU
		{FBE149A1-C8C2-49BD-92AA-88785F2D8416}.Release|Any CPU.Build.0 = Release|Any CPU
		{FBE149A1-C8C2-49BD-92AA-88785F2D8416}.Release|x64.ActiveCfg = Release|Any CPU
		{FBE149A1-C8C2-49BD-92AA-88785F2D8416}.Release|x64.Build.0 = Release|Any CPU
		{FBE149A1-C8C2-49BD-92AA-88785F2D8416}.Release|x86.ActiveCfg = Release|Any CPU
		{FBE149A1-C8C2-49BD-92AA-88785F2D8416}.Release|x86.Build.0 = Release|Any CPU
		{581FFB49-4577-4AE3-A68B-F41E85883AFA}.Debug|Any CPU.ActiveCfg = Debug|Any CPU
		{581FFB49-4577-4AE3-A68B-F41E85883AFA}.Debug|Any CPU.Build.0 = Debug|Any CPU
		{581FFB49-4577-4AE3-A68B-F41E85883AFA}.Debug|x64.ActiveCfg = Debug|Any CPU
		{581FFB49-4577-4AE3-A68B-F41E85883AFA}.Debug|x64.Build.0 = Debug|Any CPU
		{581FFB49-4577-4AE3-A68B-F41E85883AFA}.Debug|x86.ActiveCfg = Debug|Any CPU
		{581FFB49-4577-4AE3-A68B-F41E85883AFA}.Debug|x86.Build.0 = Debug|Any CPU
		{581FFB49-4577-4AE3-A68B-F41E85883AFA}.Release|Any CPU.ActiveCfg = Release|Any CPU
		{581FFB49-4577-4AE3-A68B-F41E85883AFA}.Release|Any CPU.Build.0 = Release|Any CPU
		{581FFB49-4577-4AE3-A68B-F41E85883AFA}.Release|x64.ActiveCfg = Release|Any CPU
		{581FFB49-4577-4AE3-A68B-F41E85883AFA}.Release|x64.Build.0 = Release|Any CPU
		{581FFB49-4577-4AE3-A68B-F41E85883AFA}.Release|x86.ActiveCfg = Release|Any CPU
		{581FFB49-4577-4AE3-A68B-F41E85883AFA}.Release|x86.Build.0 = Release|Any CPU
		{94139F69-0BC5-441E-9873-8DAC044F7297}.Debug|Any CPU.ActiveCfg = Debug|Any CPU
		{94139F69-0BC5-441E-9873-8DAC044F7297}.Debug|Any CPU.Build.0 = Debug|Any CPU
		{94139F69-0BC5-441E-9873-8DAC044F7297}.Debug|x64.ActiveCfg = Debug|Any CPU
		{94139F69-0BC5-441E-9873-8DAC044F7297}.Debug|x64.Build.0 = Debug|Any CPU
		{94139F69-0BC5-441E-9873-8DAC044F7297}.Debug|x86.ActiveCfg = Debug|Any CPU
		{94139F69-0BC5-441E-9873-8DAC044F7297}.Debug|x86.Build.0 = Debug|Any CPU
		{94139F69-0BC5-441E-9873-8DAC044F7297}.Release|Any CPU.ActiveCfg = Release|Any CPU
		{94139F69-0BC5-441E-9873-8DAC044F7297}.Release|Any CPU.Build.0 = Release|Any CPU
		{94139F69-0BC5-441E-9873-8DAC044F7297}.Release|x64.ActiveCfg = Release|Any CPU
		{94139F69-0BC5-441E-9873-8DAC044F7297}.Release|x64.Build.0 = Release|Any CPU
		{94139F69-0BC5-441E-9873-8DAC044F7297}.Release|x86.ActiveCfg = Release|Any CPU
		{94139F69-0BC5-441E-9873-8DAC044F7297}.Release|x86.Build.0 = Release|Any CPU
		{1FFF4745-2050-4449-A35F-6163F5F88BF3}.Debug|Any CPU.ActiveCfg = Debug|Any CPU
		{1FFF4745-2050-4449-A35F-6163F5F88BF3}.Debug|Any CPU.Build.0 = Debug|Any CPU
		{1FFF4745-2050-4449-A35F-6163F5F88BF3}.Debug|x64.ActiveCfg = Debug|Any CPU
		{1FFF4745-2050-4449-A35F-6163F5F88BF3}.Debug|x64.Build.0 = Debug|Any CPU
		{1FFF4745-2050-4449-A35F-6163F5F88BF3}.Debug|x86.ActiveCfg = Debug|Any CPU
		{1FFF4745-2050-4449-A35F-6163F5F88BF3}.Debug|x86.Build.0 = Debug|Any CPU
		{1FFF4745-2050-4449-A35F-6163F5F88BF3}.Release|Any CPU.ActiveCfg = Release|Any CPU
		{1FFF4745-2050-4449-A35F-6163F5F88BF3}.Release|Any CPU.Build.0 = Release|Any CPU
		{1FFF4745-2050-4449-A35F-6163F5F88BF3}.Release|x64.ActiveCfg = Release|Any CPU
		{1FFF4745-2050-4449-A35F-6163F5F88BF3}.Release|x64.Build.0 = Release|Any CPU
		{1FFF4745-2050-4449-A35F-6163F5F88BF3}.Release|x86.ActiveCfg = Release|Any CPU
		{1FFF4745-2050-4449-A35F-6163F5F88BF3}.Release|x86.Build.0 = Release|Any CPU
		{9ED00374-9926-4D69-8398-B840F48C8154}.Debug|Any CPU.ActiveCfg = Debug|Any CPU
		{9ED00374-9926-4D69-8398-B840F48C8154}.Debug|Any CPU.Build.0 = Debug|Any CPU
		{9ED00374-9926-4D69-8398-B840F48C8154}.Debug|x64.ActiveCfg = Debug|Any CPU
		{9ED00374-9926-4D69-8398-B840F48C8154}.Debug|x64.Build.0 = Debug|Any CPU
		{9ED00374-9926-4D69-8398-B840F48C8154}.Debug|x86.ActiveCfg = Debug|Any CPU
		{9ED00374-9926-4D69-8398-B840F48C8154}.Debug|x86.Build.0 = Debug|Any CPU
		{9ED00374-9926-4D69-8398-B840F48C8154}.Release|Any CPU.ActiveCfg = Release|Any CPU
		{9ED00374-9926-4D69-8398-B840F48C8154}.Release|Any CPU.Build.0 = Release|Any CPU
		{9ED00374-9926-4D69-8398-B840F48C8154}.Release|x64.ActiveCfg = Release|Any CPU
		{9ED00374-9926-4D69-8398-B840F48C8154}.Release|x64.Build.0 = Release|Any CPU
		{9ED00374-9926-4D69-8398-B840F48C8154}.Release|x86.ActiveCfg = Release|Any CPU
		{9ED00374-9926-4D69-8398-B840F48C8154}.Release|x86.Build.0 = Release|Any CPU
		{8673DDFA-DB7E-4BF8-8386-1422308E9ED9}.Debug|Any CPU.ActiveCfg = Debug|Any CPU
		{8673DDFA-DB7E-4BF8-8386-1422308E9ED9}.Debug|Any CPU.Build.0 = Debug|Any CPU
		{8673DDFA-DB7E-4BF8-8386-1422308E9ED9}.Debug|x64.ActiveCfg = Debug|Any CPU
		{8673DDFA-DB7E-4BF8-8386-1422308E9ED9}.Debug|x64.Build.0 = Debug|Any CPU
		{8673DDFA-DB7E-4BF8-8386-1422308E9ED9}.Debug|x86.ActiveCfg = Debug|Any CPU
		{8673DDFA-DB7E-4BF8-8386-1422308E9ED9}.Debug|x86.Build.0 = Debug|Any CPU
		{8673DDFA-DB7E-4BF8-8386-1422308E9ED9}.Release|Any CPU.ActiveCfg = Release|Any CPU
		{8673DDFA-DB7E-4BF8-8386-1422308E9ED9}.Release|Any CPU.Build.0 = Release|Any CPU
		{8673DDFA-DB7E-4BF8-8386-1422308E9ED9}.Release|x64.ActiveCfg = Release|Any CPU
		{8673DDFA-DB7E-4BF8-8386-1422308E9ED9}.Release|x64.Build.0 = Release|Any CPU
		{8673DDFA-DB7E-4BF8-8386-1422308E9ED9}.Release|x86.ActiveCfg = Release|Any CPU
		{8673DDFA-DB7E-4BF8-8386-1422308E9ED9}.Release|x86.Build.0 = Release|Any CPU
		{B50C5C3D-3301-494C-846D-AB885B9CA30E}.Debug|Any CPU.ActiveCfg = Debug|Any CPU
		{B50C5C3D-3301-494C-846D-AB885B9CA30E}.Debug|Any CPU.Build.0 = Debug|Any CPU
		{B50C5C3D-3301-494C-846D-AB885B9CA30E}.Debug|x64.ActiveCfg = Debug|Any CPU
		{B50C5C3D-3301-494C-846D-AB885B9CA30E}.Debug|x64.Build.0 = Debug|Any CPU
		{B50C5C3D-3301-494C-846D-AB885B9CA30E}.Debug|x86.ActiveCfg = Debug|Any CPU
		{B50C5C3D-3301-494C-846D-AB885B9CA30E}.Debug|x86.Build.0 = Debug|Any CPU
		{B50C5C3D-3301-494C-846D-AB885B9CA30E}.Release|Any CPU.ActiveCfg = Release|Any CPU
		{B50C5C3D-3301-494C-846D-AB885B9CA30E}.Release|Any CPU.Build.0 = Release|Any CPU
		{B50C5C3D-3301-494C-846D-AB885B9CA30E}.Release|x64.ActiveCfg = Release|Any CPU
		{B50C5C3D-3301-494C-846D-AB885B9CA30E}.Release|x64.Build.0 = Release|Any CPU
		{B50C5C3D-3301-494C-846D-AB885B9CA30E}.Release|x86.ActiveCfg = Release|Any CPU
		{B50C5C3D-3301-494C-846D-AB885B9CA30E}.Release|x86.Build.0 = Release|Any CPU
		{6CB58E2C-697B-446D-AC92-A4A4AEA2DB8A}.Debug|Any CPU.ActiveCfg = Debug|Any CPU
		{6CB58E2C-697B-446D-AC92-A4A4AEA2DB8A}.Debug|Any CPU.Build.0 = Debug|Any CPU
		{6CB58E2C-697B-446D-AC92-A4A4AEA2DB8A}.Debug|x64.ActiveCfg = Debug|Any CPU
		{6CB58E2C-697B-446D-AC92-A4A4AEA2DB8A}.Debug|x64.Build.0 = Debug|Any CPU
		{6CB58E2C-697B-446D-AC92-A4A4AEA2DB8A}.Debug|x86.ActiveCfg = Debug|Any CPU
		{6CB58E2C-697B-446D-AC92-A4A4AEA2DB8A}.Debug|x86.Build.0 = Debug|Any CPU
		{6CB58E2C-697B-446D-AC92-A4A4AEA2DB8A}.Release|Any CPU.ActiveCfg = Release|Any CPU
		{6CB58E2C-697B-446D-AC92-A4A4AEA2DB8A}.Release|Any CPU.Build.0 = Release|Any CPU
		{6CB58E2C-697B-446D-AC92-A4A4AEA2DB8A}.Release|x64.ActiveCfg = Release|Any CPU
		{6CB58E2C-697B-446D-AC92-A4A4AEA2DB8A}.Release|x64.Build.0 = Release|Any CPU
		{6CB58E2C-697B-446D-AC92-A4A4AEA2DB8A}.Release|x86.ActiveCfg = Release|Any CPU
		{6CB58E2C-697B-446D-AC92-A4A4AEA2DB8A}.Release|x86.Build.0 = Release|Any CPU
		{4347F59B-2C9B-4464-B7E5-001BEADE6E2E}.Debug|Any CPU.ActiveCfg = Debug|Any CPU
		{4347F59B-2C9B-4464-B7E5-001BEADE6E2E}.Debug|Any CPU.Build.0 = Debug|Any CPU
		{4347F59B-2C9B-4464-B7E5-001BEADE6E2E}.Debug|x64.ActiveCfg = Debug|Any CPU
		{4347F59B-2C9B-4464-B7E5-001BEADE6E2E}.Debug|x64.Build.0 = Debug|Any CPU
		{4347F59B-2C9B-4464-B7E5-001BEADE6E2E}.Debug|x86.ActiveCfg = Debug|Any CPU
		{4347F59B-2C9B-4464-B7E5-001BEADE6E2E}.Debug|x86.Build.0 = Debug|Any CPU
		{4347F59B-2C9B-4464-B7E5-001BEADE6E2E}.Release|Any CPU.ActiveCfg = Release|Any CPU
		{4347F59B-2C9B-4464-B7E5-001BEADE6E2E}.Release|Any CPU.Build.0 = Release|Any CPU
		{4347F59B-2C9B-4464-B7E5-001BEADE6E2E}.Release|x64.ActiveCfg = Release|Any CPU
		{4347F59B-2C9B-4464-B7E5-001BEADE6E2E}.Release|x64.Build.0 = Release|Any CPU
		{4347F59B-2C9B-4464-B7E5-001BEADE6E2E}.Release|x86.ActiveCfg = Release|Any CPU
		{4347F59B-2C9B-4464-B7E5-001BEADE6E2E}.Release|x86.Build.0 = Release|Any CPU
		{1617802A-EE5E-4925-AA6B-7061A466E2BA}.Debug|Any CPU.ActiveCfg = Debug|Any CPU
		{1617802A-EE5E-4925-AA6B-7061A466E2BA}.Debug|Any CPU.Build.0 = Debug|Any CPU
		{1617802A-EE5E-4925-AA6B-7061A466E2BA}.Debug|x64.ActiveCfg = Debug|Any CPU
		{1617802A-EE5E-4925-AA6B-7061A466E2BA}.Debug|x64.Build.0 = Debug|Any CPU
		{1617802A-EE5E-4925-AA6B-7061A466E2BA}.Debug|x86.ActiveCfg = Debug|Any CPU
		{1617802A-EE5E-4925-AA6B-7061A466E2BA}.Debug|x86.Build.0 = Debug|Any CPU
		{1617802A-EE5E-4925-AA6B-7061A466E2BA}.Release|Any CPU.ActiveCfg = Release|Any CPU
		{1617802A-EE5E-4925-AA6B-7061A466E2BA}.Release|Any CPU.Build.0 = Release|Any CPU
		{1617802A-EE5E-4925-AA6B-7061A466E2BA}.Release|x64.ActiveCfg = Release|Any CPU
		{1617802A-EE5E-4925-AA6B-7061A466E2BA}.Release|x64.Build.0 = Release|Any CPU
		{1617802A-EE5E-4925-AA6B-7061A466E2BA}.Release|x86.ActiveCfg = Release|Any CPU
		{1617802A-EE5E-4925-AA6B-7061A466E2BA}.Release|x86.Build.0 = Release|Any CPU
		{689AC9B5-D4F7-4873-9ADD-756EE32C49A1}.Debug|Any CPU.ActiveCfg = Debug|Any CPU
		{689AC9B5-D4F7-4873-9ADD-756EE32C49A1}.Debug|Any CPU.Build.0 = Debug|Any CPU
		{689AC9B5-D4F7-4873-9ADD-756EE32C49A1}.Debug|x64.ActiveCfg = Debug|Any CPU
		{689AC9B5-D4F7-4873-9ADD-756EE32C49A1}.Debug|x64.Build.0 = Debug|Any CPU
		{689AC9B5-D4F7-4873-9ADD-756EE32C49A1}.Debug|x86.ActiveCfg = Debug|Any CPU
		{689AC9B5-D4F7-4873-9ADD-756EE32C49A1}.Debug|x86.Build.0 = Debug|Any CPU
		{689AC9B5-D4F7-4873-9ADD-756EE32C49A1}.Release|Any CPU.ActiveCfg = Release|Any CPU
		{689AC9B5-D4F7-4873-9ADD-756EE32C49A1}.Release|Any CPU.Build.0 = Release|Any CPU
		{689AC9B5-D4F7-4873-9ADD-756EE32C49A1}.Release|x64.ActiveCfg = Release|Any CPU
		{689AC9B5-D4F7-4873-9ADD-756EE32C49A1}.Release|x64.Build.0 = Release|Any CPU
		{689AC9B5-D4F7-4873-9ADD-756EE32C49A1}.Release|x86.ActiveCfg = Release|Any CPU
		{689AC9B5-D4F7-4873-9ADD-756EE32C49A1}.Release|x86.Build.0 = Release|Any CPU
		{119D46D9-AD90-450F-8561-196120343206}.Debug|Any CPU.ActiveCfg = Debug|Any CPU
		{119D46D9-AD90-450F-8561-196120343206}.Debug|Any CPU.Build.0 = Debug|Any CPU
		{119D46D9-AD90-450F-8561-196120343206}.Debug|x64.ActiveCfg = Debug|Any CPU
		{119D46D9-AD90-450F-8561-196120343206}.Debug|x64.Build.0 = Debug|Any CPU
		{119D46D9-AD90-450F-8561-196120343206}.Debug|x86.ActiveCfg = Debug|Any CPU
		{119D46D9-AD90-450F-8561-196120343206}.Debug|x86.Build.0 = Debug|Any CPU
		{119D46D9-AD90-450F-8561-196120343206}.Release|Any CPU.ActiveCfg = Release|Any CPU
		{119D46D9-AD90-450F-8561-196120343206}.Release|Any CPU.Build.0 = Release|Any CPU
		{119D46D9-AD90-450F-8561-196120343206}.Release|x64.ActiveCfg = Release|Any CPU
		{119D46D9-AD90-450F-8561-196120343206}.Release|x64.Build.0 = Release|Any CPU
		{119D46D9-AD90-450F-8561-196120343206}.Release|x86.ActiveCfg = Release|Any CPU
		{119D46D9-AD90-450F-8561-196120343206}.Release|x86.Build.0 = Release|Any CPU
		{382B9A72-D527-4DCC-890C-56CD2F1B6D38}.Debug|Any CPU.ActiveCfg = Debug|Any CPU
		{382B9A72-D527-4DCC-890C-56CD2F1B6D38}.Debug|Any CPU.Build.0 = Debug|Any CPU
		{382B9A72-D527-4DCC-890C-56CD2F1B6D38}.Debug|x64.ActiveCfg = Debug|Any CPU
		{382B9A72-D527-4DCC-890C-56CD2F1B6D38}.Debug|x64.Build.0 = Debug|Any CPU
		{382B9A72-D527-4DCC-890C-56CD2F1B6D38}.Debug|x86.ActiveCfg = Debug|Any CPU
		{382B9A72-D527-4DCC-890C-56CD2F1B6D38}.Debug|x86.Build.0 = Debug|Any CPU
		{382B9A72-D527-4DCC-890C-56CD2F1B6D38}.Release|Any CPU.ActiveCfg = Release|Any CPU
		{382B9A72-D527-4DCC-890C-56CD2F1B6D38}.Release|Any CPU.Build.0 = Release|Any CPU
		{382B9A72-D527-4DCC-890C-56CD2F1B6D38}.Release|x64.ActiveCfg = Release|Any CPU
		{382B9A72-D527-4DCC-890C-56CD2F1B6D38}.Release|x64.Build.0 = Release|Any CPU
		{382B9A72-D527-4DCC-890C-56CD2F1B6D38}.Release|x86.ActiveCfg = Release|Any CPU
		{382B9A72-D527-4DCC-890C-56CD2F1B6D38}.Release|x86.Build.0 = Release|Any CPU
		{484A60FB-521B-4A9B-A05F-12A5EE199271}.Debug|Any CPU.ActiveCfg = Debug|Any CPU
		{484A60FB-521B-4A9B-A05F-12A5EE199271}.Debug|Any CPU.Build.0 = Debug|Any CPU
		{484A60FB-521B-4A9B-A05F-12A5EE199271}.Debug|x64.ActiveCfg = Debug|Any CPU
		{484A60FB-521B-4A9B-A05F-12A5EE199271}.Debug|x64.Build.0 = Debug|Any CPU
		{484A60FB-521B-4A9B-A05F-12A5EE199271}.Debug|x86.ActiveCfg = Debug|Any CPU
		{484A60FB-521B-4A9B-A05F-12A5EE199271}.Debug|x86.Build.0 = Debug|Any CPU
		{484A60FB-521B-4A9B-A05F-12A5EE199271}.Release|Any CPU.ActiveCfg = Release|Any CPU
		{484A60FB-521B-4A9B-A05F-12A5EE199271}.Release|Any CPU.Build.0 = Release|Any CPU
		{484A60FB-521B-4A9B-A05F-12A5EE199271}.Release|x64.ActiveCfg = Release|Any CPU
		{484A60FB-521B-4A9B-A05F-12A5EE199271}.Release|x64.Build.0 = Release|Any CPU
		{484A60FB-521B-4A9B-A05F-12A5EE199271}.Release|x86.ActiveCfg = Release|Any CPU
		{484A60FB-521B-4A9B-A05F-12A5EE199271}.Release|x86.Build.0 = Release|Any CPU
		{66A256E5-7787-4CB2-B676-916119BBC536}.Debug|Any CPU.ActiveCfg = Debug|Any CPU
		{66A256E5-7787-4CB2-B676-916119BBC536}.Debug|Any CPU.Build.0 = Debug|Any CPU
		{66A256E5-7787-4CB2-B676-916119BBC536}.Debug|x64.ActiveCfg = Debug|Any CPU
		{66A256E5-7787-4CB2-B676-916119BBC536}.Debug|x64.Build.0 = Debug|Any CPU
		{66A256E5-7787-4CB2-B676-916119BBC536}.Debug|x86.ActiveCfg = Debug|Any CPU
		{66A256E5-7787-4CB2-B676-916119BBC536}.Debug|x86.Build.0 = Debug|Any CPU
		{66A256E5-7787-4CB2-B676-916119BBC536}.Release|Any CPU.ActiveCfg = Release|Any CPU
		{66A256E5-7787-4CB2-B676-916119BBC536}.Release|Any CPU.Build.0 = Release|Any CPU
		{66A256E5-7787-4CB2-B676-916119BBC536}.Release|x64.ActiveCfg = Release|Any CPU
		{66A256E5-7787-4CB2-B676-916119BBC536}.Release|x64.Build.0 = Release|Any CPU
		{66A256E5-7787-4CB2-B676-916119BBC536}.Release|x86.ActiveCfg = Release|Any CPU
		{66A256E5-7787-4CB2-B676-916119BBC536}.Release|x86.Build.0 = Release|Any CPU
		{F2808757-B513-4B44-B5AF-7C0AE5A2EEAC}.Debug|Any CPU.ActiveCfg = Debug|Any CPU
		{F2808757-B513-4B44-B5AF-7C0AE5A2EEAC}.Debug|Any CPU.Build.0 = Debug|Any CPU
		{F2808757-B513-4B44-B5AF-7C0AE5A2EEAC}.Debug|x64.ActiveCfg = Debug|Any CPU
		{F2808757-B513-4B44-B5AF-7C0AE5A2EEAC}.Debug|x64.Build.0 = Debug|Any CPU
		{F2808757-B513-4B44-B5AF-7C0AE5A2EEAC}.Debug|x86.ActiveCfg = Debug|Any CPU
		{F2808757-B513-4B44-B5AF-7C0AE5A2EEAC}.Debug|x86.Build.0 = Debug|Any CPU
		{F2808757-B513-4B44-B5AF-7C0AE5A2EEAC}.Release|Any CPU.ActiveCfg = Release|Any CPU
		{F2808757-B513-4B44-B5AF-7C0AE5A2EEAC}.Release|Any CPU.Build.0 = Release|Any CPU
		{F2808757-B513-4B44-B5AF-7C0AE5A2EEAC}.Release|x64.ActiveCfg = Release|Any CPU
		{F2808757-B513-4B44-B5AF-7C0AE5A2EEAC}.Release|x64.Build.0 = Release|Any CPU
		{F2808757-B513-4B44-B5AF-7C0AE5A2EEAC}.Release|x86.ActiveCfg = Release|Any CPU
		{F2808757-B513-4B44-B5AF-7C0AE5A2EEAC}.Release|x86.Build.0 = Release|Any CPU
		{289A2DF5-2217-448F-8E48-7C3206C0D1B1}.Debug|Any CPU.ActiveCfg = Debug|Any CPU
		{289A2DF5-2217-448F-8E48-7C3206C0D1B1}.Debug|Any CPU.Build.0 = Debug|Any CPU
		{289A2DF5-2217-448F-8E48-7C3206C0D1B1}.Debug|x64.ActiveCfg = Debug|Any CPU
		{289A2DF5-2217-448F-8E48-7C3206C0D1B1}.Debug|x64.Build.0 = Debug|Any CPU
		{289A2DF5-2217-448F-8E48-7C3206C0D1B1}.Debug|x86.ActiveCfg = Debug|Any CPU
		{289A2DF5-2217-448F-8E48-7C3206C0D1B1}.Debug|x86.Build.0 = Debug|Any CPU
		{289A2DF5-2217-448F-8E48-7C3206C0D1B1}.Release|Any CPU.ActiveCfg = Release|Any CPU
		{289A2DF5-2217-448F-8E48-7C3206C0D1B1}.Release|Any CPU.Build.0 = Release|Any CPU
		{289A2DF5-2217-448F-8E48-7C3206C0D1B1}.Release|x64.ActiveCfg = Release|Any CPU
		{289A2DF5-2217-448F-8E48-7C3206C0D1B1}.Release|x64.Build.0 = Release|Any CPU
		{289A2DF5-2217-448F-8E48-7C3206C0D1B1}.Release|x86.ActiveCfg = Release|Any CPU
		{289A2DF5-2217-448F-8E48-7C3206C0D1B1}.Release|x86.Build.0 = Release|Any CPU
	EndGlobalSection
	GlobalSection(SolutionProperties) = preSolution
		HideSolutionNode = FALSE
	EndGlobalSection
	GlobalSection(ExtensibilityGlobals) = postSolution
		SolutionGuid = {EBEF1C9D-F311-431D-9EB2-A298DF4C5A77}
	EndGlobalSection
EndGlobal
